[root]
name = "circuit_design"
version = "0.1.0"
dependencies = [
 "clap 2.27.1 (registry+https://github.com/rust-lang/crates.io-index)",
 "gfx 0.16.1 (registry+https://github.com/rust-lang/crates.io-index)",
 "gfx_device_gl 0.14.4 (registry+https://github.com/rust-lang/crates.io-index)",
 "gfx_window_glutin 0.18.0 (registry+https://github.com/rust-lang/crates.io-index)",
 "glutin 0.10.0 (registry+https://github.com/rust-lang/crates.io-index)",
 "lyon 0.8.4 (registry+https://github.com/rust-lang/crates.io-index)",
 "svgdom 0.8.1 (registry+https://github.com/rust-lang/crates.io-index)",
 "xml-rs 0.7.0 (registry+https://github.com/rust-lang/crates.io-index)",
]

[[package]]
name = "android_glue"
version = "0.2.3"
source = "registry+https://github.com/rust-lang/crates.io-index"

[[package]]
name = "ansi_term"
version = "0.9.0"
source = "registry+https://github.com/rust-lang/crates.io-index"

[[package]]
name = "arrayvec"
version = "0.3.23"
source = "registry+https://github.com/rust-lang/crates.io-index"
dependencies = [
 "nodrop 0.1.12 (registry+https://github.com/rust-lang/crates.io-index)",
 "odds 0.2.25 (registry+https://github.com/rust-lang/crates.io-index)",
]

[[package]]
name = "atty"
version = "0.2.3"
source = "registry+https://github.com/rust-lang/crates.io-index"
dependencies = [
 "kernel32-sys 0.2.2 (registry+https://github.com/rust-lang/crates.io-index)",
 "libc 0.2.33 (registry+https://github.com/rust-lang/crates.io-index)",
 "termion 1.5.1 (registry+https://github.com/rust-lang/crates.io-index)",
 "winapi 0.2.8 (registry+https://github.com/rust-lang/crates.io-index)",
]

[[package]]
name = "bitflags"
version = "0.7.0"
source = "registry+https://github.com/rust-lang/crates.io-index"

[[package]]
name = "bitflags"
version = "0.8.2"
source = "registry+https://github.com/rust-lang/crates.io-index"

[[package]]
name = "bitflags"
version = "0.9.1"
source = "registry+https://github.com/rust-lang/crates.io-index"

[[package]]
name = "bitflags"
version = "1.0.0"
source = "registry+https://github.com/rust-lang/crates.io-index"

[[package]]
name = "block"
version = "0.1.6"
source = "registry+https://github.com/rust-lang/crates.io-index"

[[package]]
name = "byteorder"
version = "1.1.0"
source = "registry+https://github.com/rust-lang/crates.io-index"

[[package]]
name = "cgl"
version = "0.2.1"
source = "registry+https://github.com/rust-lang/crates.io-index"
dependencies = [
 "gleam 0.4.10 (registry+https://github.com/rust-lang/crates.io-index)",
 "libc 0.2.33 (registry+https://github.com/rust-lang/crates.io-index)",
]

[[package]]
name = "clap"
version = "2.27.1"
source = "registry+https://github.com/rust-lang/crates.io-index"
dependencies = [
 "ansi_term 0.9.0 (registry+https://github.com/rust-lang/crates.io-index)",
 "atty 0.2.3 (registry+https://github.com/rust-lang/crates.io-index)",
 "bitflags 0.9.1 (registry+https://github.com/rust-lang/crates.io-index)",
 "strsim 0.6.0 (registry+https://github.com/rust-lang/crates.io-index)",
 "textwrap 0.9.0 (registry+https://github.com/rust-lang/crates.io-index)",
 "unicode-width 0.1.4 (registry+https://github.com/rust-lang/crates.io-index)",
 "vec_map 0.8.0 (registry+https://github.com/rust-lang/crates.io-index)",
]

[[package]]
name = "cocoa"
version = "0.9.2"
source = "registry+https://github.com/rust-lang/crates.io-index"
dependencies = [
 "bitflags 0.9.1 (registry+https://github.com/rust-lang/crates.io-index)",
 "block 0.1.6 (registry+https://github.com/rust-lang/crates.io-index)",
 "core-graphics 0.8.2 (registry+https://github.com/rust-lang/crates.io-index)",
 "libc 0.2.33 (registry+https://github.com/rust-lang/crates.io-index)",
 "objc 0.2.2 (registry+https://github.com/rust-lang/crates.io-index)",
]

[[package]]
name = "core-foundation"
version = "0.3.0"
source = "registry+https://github.com/rust-lang/crates.io-index"
dependencies = [
 "core-foundation-sys 0.3.1 (registry+https://github.com/rust-lang/crates.io-index)",
 "libc 0.2.33 (registry+https://github.com/rust-lang/crates.io-index)",
]

[[package]]
name = "core-foundation"
version = "0.4.4"
source = "registry+https://github.com/rust-lang/crates.io-index"
dependencies = [
 "core-foundation-sys 0.4.4 (registry+https://github.com/rust-lang/crates.io-index)",
 "libc 0.2.33 (registry+https://github.com/rust-lang/crates.io-index)",
]

[[package]]
name = "core-foundation-sys"
version = "0.3.1"
source = "registry+https://github.com/rust-lang/crates.io-index"
dependencies = [
 "libc 0.2.33 (registry+https://github.com/rust-lang/crates.io-index)",
]

[[package]]
name = "core-foundation-sys"
version = "0.4.4"
source = "registry+https://github.com/rust-lang/crates.io-index"
dependencies = [
 "libc 0.2.33 (registry+https://github.com/rust-lang/crates.io-index)",
]

[[package]]
name = "core-graphics"
version = "0.8.2"
source = "registry+https://github.com/rust-lang/crates.io-index"
dependencies = [
 "bitflags 0.9.1 (registry+https://github.com/rust-lang/crates.io-index)",
 "core-foundation 0.3.0 (registry+https://github.com/rust-lang/crates.io-index)",
 "libc 0.2.33 (registry+https://github.com/rust-lang/crates.io-index)",
]

[[package]]
name = "derivative"
version = "1.0.0"
source = "registry+https://github.com/rust-lang/crates.io-index"
dependencies = [
 "itertools 0.5.10 (registry+https://github.com/rust-lang/crates.io-index)",
 "quote 0.3.15 (registry+https://github.com/rust-lang/crates.io-index)",
 "syn 0.10.8 (registry+https://github.com/rust-lang/crates.io-index)",
]

[[package]]
name = "dlib"
version = "0.3.1"
source = "registry+https://github.com/rust-lang/crates.io-index"
dependencies = [
 "libloading 0.3.4 (registry+https://github.com/rust-lang/crates.io-index)",
]

[[package]]
name = "draw_state"
version = "0.7.1"
source = "registry+https://github.com/rust-lang/crates.io-index"
dependencies = [
 "bitflags 0.8.2 (registry+https://github.com/rust-lang/crates.io-index)",
]

[[package]]
name = "dtoa"
version = "0.4.2"
source = "registry+https://github.com/rust-lang/crates.io-index"

[[package]]
name = "dwmapi-sys"
version = "0.1.0"
source = "registry+https://github.com/rust-lang/crates.io-index"
dependencies = [
 "winapi 0.2.8 (registry+https://github.com/rust-lang/crates.io-index)",
 "winapi-build 0.1.1 (registry+https://github.com/rust-lang/crates.io-index)",
]

[[package]]
name = "either"
version = "1.3.0"
source = "registry+https://github.com/rust-lang/crates.io-index"

[[package]]
name = "euclid"
version = "0.15.4"
source = "registry+https://github.com/rust-lang/crates.io-index"
dependencies = [
 "heapsize 0.4.1 (registry+https://github.com/rust-lang/crates.io-index)",
 "log 0.3.8 (registry+https://github.com/rust-lang/crates.io-index)",
 "num-traits 0.1.40 (registry+https://github.com/rust-lang/crates.io-index)",
 "serde 1.0.16 (registry+https://github.com/rust-lang/crates.io-index)",
]

[[package]]
name = "float-cmp"
version = "0.2.5"
source = "registry+https://github.com/rust-lang/crates.io-index"
dependencies = [
 "num 0.1.40 (registry+https://github.com/rust-lang/crates.io-index)",
]

[[package]]
name = "fs2"
version = "0.2.5"
source = "registry+https://github.com/rust-lang/crates.io-index"
dependencies = [
 "kernel32-sys 0.2.2 (registry+https://github.com/rust-lang/crates.io-index)",
 "libc 0.2.33 (registry+https://github.com/rust-lang/crates.io-index)",
 "winapi 0.2.8 (registry+https://github.com/rust-lang/crates.io-index)",
]

[[package]]
name = "fuchsia-zircon"
version = "0.2.1"
source = "registry+https://github.com/rust-lang/crates.io-index"
dependencies = [
 "fuchsia-zircon-sys 0.2.0 (registry+https://github.com/rust-lang/crates.io-index)",
]

[[package]]
name = "fuchsia-zircon-sys"
version = "0.2.0"
source = "registry+https://github.com/rust-lang/crates.io-index"
dependencies = [
 "bitflags 0.7.0 (registry+https://github.com/rust-lang/crates.io-index)",
]

[[package]]
name = "gdi32-sys"
version = "0.1.1"
source = "registry+https://github.com/rust-lang/crates.io-index"
dependencies = [
 "winapi 0.2.8 (registry+https://github.com/rust-lang/crates.io-index)",
]

[[package]]
name = "gfx"
version = "0.16.1"
source = "registry+https://github.com/rust-lang/crates.io-index"
dependencies = [
 "derivative 1.0.0 (registry+https://github.com/rust-lang/crates.io-index)",
 "draw_state 0.7.1 (registry+https://github.com/rust-lang/crates.io-index)",
 "gfx_core 0.7.2 (registry+https://github.com/rust-lang/crates.io-index)",
 "log 0.3.8 (registry+https://github.com/rust-lang/crates.io-index)",
]

[[package]]
name = "gfx_core"
version = "0.7.2"
source = "registry+https://github.com/rust-lang/crates.io-index"
dependencies = [
 "bitflags 0.8.2 (registry+https://github.com/rust-lang/crates.io-index)",
 "derivative 1.0.0 (registry+https://github.com/rust-lang/crates.io-index)",
 "draw_state 0.7.1 (registry+https://github.com/rust-lang/crates.io-index)",
 "log 0.3.8 (registry+https://github.com/rust-lang/crates.io-index)",
]

[[package]]
name = "gfx_device_gl"
version = "0.14.4"
source = "registry+https://github.com/rust-lang/crates.io-index"
dependencies = [
 "gfx_core 0.7.2 (registry+https://github.com/rust-lang/crates.io-index)",
 "gfx_gl 0.3.1 (registry+https://github.com/rust-lang/crates.io-index)",
 "log 0.3.8 (registry+https://github.com/rust-lang/crates.io-index)",
]

[[package]]
name = "gfx_gl"
version = "0.3.1"
source = "registry+https://github.com/rust-lang/crates.io-index"
dependencies = [
 "gl_generator 0.5.5 (registry+https://github.com/rust-lang/crates.io-index)",
]

[[package]]
name = "gfx_window_glutin"
version = "0.18.0"
source = "registry+https://github.com/rust-lang/crates.io-index"
dependencies = [
 "gfx_core 0.7.2 (registry+https://github.com/rust-lang/crates.io-index)",
 "gfx_device_gl 0.14.4 (registry+https://github.com/rust-lang/crates.io-index)",
 "glutin 0.10.0 (registry+https://github.com/rust-lang/crates.io-index)",
]

[[package]]
name = "gl_generator"
version = "0.5.5"
source = "registry+https://github.com/rust-lang/crates.io-index"
dependencies = [
 "khronos_api 1.0.1 (registry+https://github.com/rust-lang/crates.io-index)",
 "log 0.3.8 (registry+https://github.com/rust-lang/crates.io-index)",
 "xml-rs 0.6.1 (registry+https://github.com/rust-lang/crates.io-index)",
]

[[package]]
name = "gleam"
version = "0.4.10"
source = "registry+https://github.com/rust-lang/crates.io-index"
dependencies = [
 "gl_generator 0.5.5 (registry+https://github.com/rust-lang/crates.io-index)",
 "pkg-config 0.3.9 (registry+https://github.com/rust-lang/crates.io-index)",
]

[[package]]
name = "glutin"
version = "0.10.0"
source = "registry+https://github.com/rust-lang/crates.io-index"
dependencies = [
 "android_glue 0.2.3 (registry+https://github.com/rust-lang/crates.io-index)",
 "cgl 0.2.1 (registry+https://github.com/rust-lang/crates.io-index)",
 "cocoa 0.9.2 (registry+https://github.com/rust-lang/crates.io-index)",
 "core-foundation 0.4.4 (registry+https://github.com/rust-lang/crates.io-index)",
 "core-graphics 0.8.2 (registry+https://github.com/rust-lang/crates.io-index)",
 "dwmapi-sys 0.1.0 (registry+https://github.com/rust-lang/crates.io-index)",
 "gdi32-sys 0.1.1 (registry+https://github.com/rust-lang/crates.io-index)",
 "gl_generator 0.5.5 (registry+https://github.com/rust-lang/crates.io-index)",
 "kernel32-sys 0.2.2 (registry+https://github.com/rust-lang/crates.io-index)",
 "lazy_static 0.2.9 (registry+https://github.com/rust-lang/crates.io-index)",
 "libc 0.2.33 (registry+https://github.com/rust-lang/crates.io-index)",
 "objc 0.2.2 (registry+https://github.com/rust-lang/crates.io-index)",
 "osmesa-sys 0.1.2 (registry+https://github.com/rust-lang/crates.io-index)",
 "shared_library 0.1.7 (registry+https://github.com/rust-lang/crates.io-index)",
 "shell32-sys 0.1.1 (registry+https://github.com/rust-lang/crates.io-index)",
 "user32-sys 0.1.2 (registry+https://github.com/rust-lang/crates.io-index)",
 "wayland-client 0.9.10 (registry+https://github.com/rust-lang/crates.io-index)",
 "winapi 0.2.8 (registry+https://github.com/rust-lang/crates.io-index)",
 "winit 0.8.3 (registry+https://github.com/rust-lang/crates.io-index)",
 "x11-dl 2.16.0 (registry+https://github.com/rust-lang/crates.io-index)",
]

[[package]]
name = "heapsize"
version = "0.4.1"
source = "registry+https://github.com/rust-lang/crates.io-index"
dependencies = [
 "kernel32-sys 0.2.2 (registry+https://github.com/rust-lang/crates.io-index)",
]

[[package]]
name = "itertools"
version = "0.5.10"
source = "registry+https://github.com/rust-lang/crates.io-index"
dependencies = [
 "either 1.3.0 (registry+https://github.com/rust-lang/crates.io-index)",
]

[[package]]
name = "itoa"
version = "0.3.4"
source = "registry+https://github.com/rust-lang/crates.io-index"

[[package]]
name = "kernel32-sys"
version = "0.2.2"
source = "registry+https://github.com/rust-lang/crates.io-index"
dependencies = [
 "winapi 0.2.8 (registry+https://github.com/rust-lang/crates.io-index)",
 "winapi-build 0.1.1 (registry+https://github.com/rust-lang/crates.io-index)",
]

[[package]]
name = "khronos_api"
version = "1.0.1"
source = "registry+https://github.com/rust-lang/crates.io-index"

[[package]]
name = "lazy_static"
version = "0.2.9"
source = "registry+https://github.com/rust-lang/crates.io-index"

[[package]]
name = "libc"
version = "0.2.33"
source = "registry+https://github.com/rust-lang/crates.io-index"

[[package]]
name = "libloading"
version = "0.3.4"
source = "registry+https://github.com/rust-lang/crates.io-index"
dependencies = [
 "kernel32-sys 0.2.2 (registry+https://github.com/rust-lang/crates.io-index)",
 "lazy_static 0.2.9 (registry+https://github.com/rust-lang/crates.io-index)",
 "target_build_utils 0.3.1 (registry+https://github.com/rust-lang/crates.io-index)",
 "winapi 0.2.8 (registry+https://github.com/rust-lang/crates.io-index)",
]

[[package]]
name = "log"
version = "0.3.8"
source = "registry+https://github.com/rust-lang/crates.io-index"

[[package]]
name = "lyon"
version = "0.8.4"
source = "registry+https://github.com/rust-lang/crates.io-index"
dependencies = [
 "lyon_bezier 0.8.4 (registry+https://github.com/rust-lang/crates.io-index)",
 "lyon_core 0.8.0 (registry+https://github.com/rust-lang/crates.io-index)",
 "lyon_extra 0.8.1 (registry+https://github.com/rust-lang/crates.io-index)",
 "lyon_path 0.8.0 (registry+https://github.com/rust-lang/crates.io-index)",
 "lyon_path_builder 0.8.0 (registry+https://github.com/rust-lang/crates.io-index)",
 "lyon_path_iterator 0.8.0 (registry+https://github.com/rust-lang/crates.io-index)",
 "lyon_svg 0.8.0 (registry+https://github.com/rust-lang/crates.io-index)",
 "lyon_tessellation 0.8.4 (registry+https://github.com/rust-lang/crates.io-index)",
]

[[package]]
name = "lyon_bezier"
version = "0.8.4"
source = "registry+https://github.com/rust-lang/crates.io-index"
dependencies = [
 "arrayvec 0.3.23 (registry+https://github.com/rust-lang/crates.io-index)",
 "euclid 0.15.4 (registry+https://github.com/rust-lang/crates.io-index)",
]

[[package]]
name = "lyon_core"
version = "0.8.0"
source = "registry+https://github.com/rust-lang/crates.io-index"
dependencies = [
 "euclid 0.15.4 (registry+https://github.com/rust-lang/crates.io-index)",
]

[[package]]
name = "lyon_extra"
version = "0.8.1"
source = "registry+https://github.com/rust-lang/crates.io-index"
dependencies = [
 "lyon_core 0.8.0 (registry+https://github.com/rust-lang/crates.io-index)",
 "lyon_path 0.8.0 (registry+https://github.com/rust-lang/crates.io-index)",
 "lyon_path_builder 0.8.0 (registry+https://github.com/rust-lang/crates.io-index)",
 "lyon_path_iterator 0.8.0 (registry+https://github.com/rust-lang/crates.io-index)",
]

[[package]]
name = "lyon_path"
version = "0.8.0"
source = "registry+https://github.com/rust-lang/crates.io-index"
dependencies = [
 "lyon_bezier 0.8.4 (registry+https://github.com/rust-lang/crates.io-index)",
 "lyon_core 0.8.0 (registry+https://github.com/rust-lang/crates.io-index)",
 "lyon_path_builder 0.8.0 (registry+https://github.com/rust-lang/crates.io-index)",
 "lyon_path_iterator 0.8.0 (registry+https://github.com/rust-lang/crates.io-index)",
]

[[package]]
name = "lyon_path_builder"
version = "0.8.0"
source = "registry+https://github.com/rust-lang/crates.io-index"
dependencies = [
 "lyon_bezier 0.8.4 (registry+https://github.com/rust-lang/crates.io-index)",
 "lyon_core 0.8.0 (registry+https://github.com/rust-lang/crates.io-index)",
]

[[package]]
name = "lyon_path_iterator"
version = "0.8.0"
source = "registry+https://github.com/rust-lang/crates.io-index"
dependencies = [
 "lyon_bezier 0.8.4 (registry+https://github.com/rust-lang/crates.io-index)",
 "lyon_core 0.8.0 (registry+https://github.com/rust-lang/crates.io-index)",
]

[[package]]
name = "lyon_svg"
version = "0.8.0"
source = "registry+https://github.com/rust-lang/crates.io-index"
dependencies = [
 "lyon_core 0.8.0 (registry+https://github.com/rust-lang/crates.io-index)",
 "lyon_path_builder 0.8.0 (registry+https://github.com/rust-lang/crates.io-index)",
 "svgparser 0.4.3 (registry+https://github.com/rust-lang/crates.io-index)",
]

[[package]]
name = "lyon_tessellation"
version = "0.8.4"
source = "registry+https://github.com/rust-lang/crates.io-index"
dependencies = [
 "lyon_bezier 0.8.4 (registry+https://github.com/rust-lang/crates.io-index)",
 "lyon_core 0.8.0 (registry+https://github.com/rust-lang/crates.io-index)",
 "lyon_path 0.8.0 (registry+https://github.com/rust-lang/crates.io-index)",
 "lyon_path_builder 0.8.0 (registry+https://github.com/rust-lang/crates.io-index)",
 "lyon_path_iterator 0.8.0 (registry+https://github.com/rust-lang/crates.io-index)",
 "sid 0.5.0 (registry+https://github.com/rust-lang/crates.io-index)",
]

[[package]]
name = "malloc_buf"
version = "0.0.6"
source = "registry+https://github.com/rust-lang/crates.io-index"
dependencies = [
 "libc 0.2.33 (registry+https://github.com/rust-lang/crates.io-index)",
]

[[package]]
name = "memmap"
version = "0.4.0"
source = "registry+https://github.com/rust-lang/crates.io-index"
dependencies = [
 "fs2 0.2.5 (registry+https://github.com/rust-lang/crates.io-index)",
 "kernel32-sys 0.2.2 (registry+https://github.com/rust-lang/crates.io-index)",
 "libc 0.2.33 (registry+https://github.com/rust-lang/crates.io-index)",
 "winapi 0.2.8 (registry+https://github.com/rust-lang/crates.io-index)",
]

[[package]]
name = "nodrop"
version = "0.1.12"
source = "registry+https://github.com/rust-lang/crates.io-index"

[[package]]
name = "num"
version = "0.1.40"
source = "registry+https://github.com/rust-lang/crates.io-index"
dependencies = [
 "num-integer 0.1.35 (registry+https://github.com/rust-lang/crates.io-index)",
 "num-iter 0.1.34 (registry+https://github.com/rust-lang/crates.io-index)",
 "num-traits 0.1.40 (registry+https://github.com/rust-lang/crates.io-index)",
]

[[package]]
name = "num-integer"
version = "0.1.35"
source = "registry+https://github.com/rust-lang/crates.io-index"
dependencies = [
 "num-traits 0.1.40 (registry+https://github.com/rust-lang/crates.io-index)",
]

[[package]]
name = "num-iter"
version = "0.1.34"
source = "registry+https://github.com/rust-lang/crates.io-index"
dependencies = [
 "num-integer 0.1.35 (registry+https://github.com/rust-lang/crates.io-index)",
 "num-traits 0.1.40 (registry+https://github.com/rust-lang/crates.io-index)",
]

[[package]]
name = "num-traits"
version = "0.1.40"
source = "registry+https://github.com/rust-lang/crates.io-index"

[[package]]
name = "objc"
version = "0.2.2"
source = "registry+https://github.com/rust-lang/crates.io-index"
dependencies = [
 "malloc_buf 0.0.6 (registry+https://github.com/rust-lang/crates.io-index)",
]

[[package]]
name = "odds"
version = "0.2.25"
source = "registry+https://github.com/rust-lang/crates.io-index"

[[package]]
name = "osmesa-sys"
version = "0.1.2"
source = "registry+https://github.com/rust-lang/crates.io-index"
dependencies = [
 "shared_library 0.1.7 (registry+https://github.com/rust-lang/crates.io-index)",
]

[[package]]
name = "phf"
version = "0.7.21"
source = "registry+https://github.com/rust-lang/crates.io-index"
dependencies = [
 "phf_shared 0.7.21 (registry+https://github.com/rust-lang/crates.io-index)",
]

[[package]]
name = "phf_codegen"
version = "0.7.21"
source = "registry+https://github.com/rust-lang/crates.io-index"
dependencies = [
 "phf_generator 0.7.21 (registry+https://github.com/rust-lang/crates.io-index)",
 "phf_shared 0.7.21 (registry+https://github.com/rust-lang/crates.io-index)",
]

[[package]]
name = "phf_generator"
version = "0.7.21"
source = "registry+https://github.com/rust-lang/crates.io-index"
dependencies = [
 "phf_shared 0.7.21 (registry+https://github.com/rust-lang/crates.io-index)",
 "rand 0.3.17 (registry+https://github.com/rust-lang/crates.io-index)",
]

[[package]]
name = "phf_shared"
version = "0.7.21"
source = "registry+https://github.com/rust-lang/crates.io-index"
dependencies = [
 "siphasher 0.2.2 (registry+https://github.com/rust-lang/crates.io-index)",
]

[[package]]
name = "pkg-config"
version = "0.3.9"
source = "registry+https://github.com/rust-lang/crates.io-index"

[[package]]
name = "quote"
version = "0.3.15"
source = "registry+https://github.com/rust-lang/crates.io-index"

[[package]]
name = "rand"
version = "0.3.17"
source = "registry+https://github.com/rust-lang/crates.io-index"
dependencies = [
 "fuchsia-zircon 0.2.1 (registry+https://github.com/rust-lang/crates.io-index)",
 "libc 0.2.33 (registry+https://github.com/rust-lang/crates.io-index)",
]

[[package]]
name = "redox_syscall"
version = "0.1.31"
source = "registry+https://github.com/rust-lang/crates.io-index"

[[package]]
name = "redox_termios"
version = "0.1.1"
source = "registry+https://github.com/rust-lang/crates.io-index"
dependencies = [
 "redox_syscall 0.1.31 (registry+https://github.com/rust-lang/crates.io-index)",
]

[[package]]
name = "serde"
version = "0.9.15"
source = "registry+https://github.com/rust-lang/crates.io-index"

[[package]]
name = "serde"
version = "1.0.16"
source = "registry+https://github.com/rust-lang/crates.io-index"

[[package]]
name = "serde_json"
version = "0.9.10"
source = "registry+https://github.com/rust-lang/crates.io-index"
dependencies = [
 "dtoa 0.4.2 (registry+https://github.com/rust-lang/crates.io-index)",
 "itoa 0.3.4 (registry+https://github.com/rust-lang/crates.io-index)",
 "num-traits 0.1.40 (registry+https://github.com/rust-lang/crates.io-index)",
 "serde 0.9.15 (registry+https://github.com/rust-lang/crates.io-index)",
]

[[package]]
name = "shared_library"
version = "0.1.7"
source = "registry+https://github.com/rust-lang/crates.io-index"
dependencies = [
 "lazy_static 0.2.9 (registry+https://github.com/rust-lang/crates.io-index)",
 "libc 0.2.33 (registry+https://github.com/rust-lang/crates.io-index)",
]

[[package]]
name = "shell32-sys"
version = "0.1.1"
source = "registry+https://github.com/rust-lang/crates.io-index"
dependencies = [
 "winapi 0.2.8 (registry+https://github.com/rust-lang/crates.io-index)",
 "winapi-build 0.1.1 (registry+https://github.com/rust-lang/crates.io-index)",
]

[[package]]
name = "sid"
version = "0.5.0"
source = "registry+https://github.com/rust-lang/crates.io-index"
dependencies = [
 "num-traits 0.1.40 (registry+https://github.com/rust-lang/crates.io-index)",
]

[[package]]
name = "simplecss"
version = "0.1.0"
source = "registry+https://github.com/rust-lang/crates.io-index"

[[package]]
name = "siphasher"
version = "0.2.2"
source = "registry+https://github.com/rust-lang/crates.io-index"

[[package]]
name = "strsim"
version = "0.6.0"
source = "registry+https://github.com/rust-lang/crates.io-index"

[[package]]
name = "svgdom"
version = "0.8.1"
source = "registry+https://github.com/rust-lang/crates.io-index"
dependencies = [
 "float-cmp 0.2.5 (registry+https://github.com/rust-lang/crates.io-index)",
 "simplecss 0.1.0 (registry+https://github.com/rust-lang/crates.io-index)",
 "svgparser 0.5.0 (registry+https://github.com/rust-lang/crates.io-index)",
]

[[package]]
name = "svgparser"
version = "0.4.3"
source = "registry+https://github.com/rust-lang/crates.io-index"
dependencies = [
 "phf 0.7.21 (registry+https://github.com/rust-lang/crates.io-index)",
]

[[package]]
name = "svgparser"
version = "0.5.0"
source = "registry+https://github.com/rust-lang/crates.io-index"
dependencies = [
 "phf 0.7.21 (registry+https://github.com/rust-lang/crates.io-index)",
]

[[package]]
name = "syn"
version = "0.10.8"
source = "registry+https://github.com/rust-lang/crates.io-index"
dependencies = [
 "quote 0.3.15 (registry+https://github.com/rust-lang/crates.io-index)",
 "unicode-xid 0.0.4 (registry+https://github.com/rust-lang/crates.io-index)",
]

[[package]]
name = "target_build_utils"
version = "0.3.1"
source = "registry+https://github.com/rust-lang/crates.io-index"
dependencies = [
 "phf 0.7.21 (registry+https://github.com/rust-lang/crates.io-index)",
 "phf_codegen 0.7.21 (registry+https://github.com/rust-lang/crates.io-index)",
 "serde_json 0.9.10 (registry+https://github.com/rust-lang/crates.io-index)",
]

[[package]]
name = "tempfile"
version = "2.2.0"
source = "registry+https://github.com/rust-lang/crates.io-index"
dependencies = [
 "kernel32-sys 0.2.2 (registry+https://github.com/rust-lang/crates.io-index)",
 "libc 0.2.33 (registry+https://github.com/rust-lang/crates.io-index)",
 "rand 0.3.17 (registry+https://github.com/rust-lang/crates.io-index)",
 "redox_syscall 0.1.31 (registry+https://github.com/rust-lang/crates.io-index)",
 "winapi 0.2.8 (registry+https://github.com/rust-lang/crates.io-index)",
]

[[package]]
name = "termion"
version = "1.5.1"
source = "registry+https://github.com/rust-lang/crates.io-index"
dependencies = [
 "libc 0.2.33 (registry+https://github.com/rust-lang/crates.io-index)",
 "redox_syscall 0.1.31 (registry+https://github.com/rust-lang/crates.io-index)",
 "redox_termios 0.1.1 (registry+https://github.com/rust-lang/crates.io-index)",
]

[[package]]
name = "textwrap"
version = "0.9.0"
source = "registry+https://github.com/rust-lang/crates.io-index"
dependencies = [
 "unicode-width 0.1.4 (registry+https://github.com/rust-lang/crates.io-index)",
]

[[package]]
name = "unicode-width"
version = "0.1.4"
source = "registry+https://github.com/rust-lang/crates.io-index"

[[package]]
name = "unicode-xid"
version = "0.0.4"
source = "registry+https://github.com/rust-lang/crates.io-index"

[[package]]
name = "user32-sys"
version = "0.1.2"
source = "registry+https://github.com/rust-lang/crates.io-index"
dependencies = [
 "winapi 0.2.8 (registry+https://github.com/rust-lang/crates.io-index)",
 "winapi-build 0.1.1 (registry+https://github.com/rust-lang/crates.io-index)",
]

[[package]]
name = "vec_map"
version = "0.8.0"
source = "registry+https://github.com/rust-lang/crates.io-index"

[[package]]
name = "wayland-client"
version = "0.9.10"
source = "registry+https://github.com/rust-lang/crates.io-index"
dependencies = [
 "bitflags 0.9.1 (registry+https://github.com/rust-lang/crates.io-index)",
 "libc 0.2.33 (registry+https://github.com/rust-lang/crates.io-index)",
 "wayland-scanner 0.9.10 (registry+https://github.com/rust-lang/crates.io-index)",
 "wayland-sys 0.9.10 (registry+https://github.com/rust-lang/crates.io-index)",
]

[[package]]
name = "wayland-kbd"
version = "0.9.1"
source = "registry+https://github.com/rust-lang/crates.io-index"
dependencies = [
 "bitflags 0.7.0 (registry+https://github.com/rust-lang/crates.io-index)",
 "dlib 0.3.1 (registry+https://github.com/rust-lang/crates.io-index)",
 "lazy_static 0.2.9 (registry+https://github.com/rust-lang/crates.io-index)",
 "memmap 0.4.0 (registry+https://github.com/rust-lang/crates.io-index)",
 "wayland-client 0.9.10 (registry+https://github.com/rust-lang/crates.io-index)",
]

[[package]]
name = "wayland-protocols"
version = "0.9.10"
source = "registry+https://github.com/rust-lang/crates.io-index"
dependencies = [
 "bitflags 0.9.1 (registry+https://github.com/rust-lang/crates.io-index)",
 "wayland-client 0.9.10 (registry+https://github.com/rust-lang/crates.io-index)",
 "wayland-scanner 0.9.10 (registry+https://github.com/rust-lang/crates.io-index)",
 "wayland-sys 0.9.10 (registry+https://github.com/rust-lang/crates.io-index)",
]

[[package]]
name = "wayland-scanner"
version = "0.9.10"
source = "registry+https://github.com/rust-lang/crates.io-index"
dependencies = [
 "xml-rs 0.6.1 (registry+https://github.com/rust-lang/crates.io-index)",
]

[[package]]
name = "wayland-sys"
version = "0.9.10"
source = "registry+https://github.com/rust-lang/crates.io-index"
dependencies = [
 "dlib 0.3.1 (registry+https://github.com/rust-lang/crates.io-index)",
 "lazy_static 0.2.9 (registry+https://github.com/rust-lang/crates.io-index)",
]

[[package]]
name = "wayland-window"
version = "0.8.0"
source = "registry+https://github.com/rust-lang/crates.io-index"
dependencies = [
 "byteorder 1.1.0 (registry+https://github.com/rust-lang/crates.io-index)",
 "tempfile 2.2.0 (registry+https://github.com/rust-lang/crates.io-index)",
 "wayland-client 0.9.10 (registry+https://github.com/rust-lang/crates.io-index)",
 "wayland-protocols 0.9.10 (registry+https://github.com/rust-lang/crates.io-index)",
]

[[package]]
name = "winapi"
version = "0.2.8"
source = "registry+https://github.com/rust-lang/crates.io-index"

[[package]]
name = "winapi-build"
version = "0.1.1"
source = "registry+https://github.com/rust-lang/crates.io-index"

[[package]]
name = "winit"
version = "0.8.3"
source = "registry+https://github.com/rust-lang/crates.io-index"
dependencies = [
 "android_glue 0.2.3 (registry+https://github.com/rust-lang/crates.io-index)",
 "cocoa 0.9.2 (registry+https://github.com/rust-lang/crates.io-index)",
 "core-foundation 0.4.4 (registry+https://github.com/rust-lang/crates.io-index)",
 "core-graphics 0.8.2 (registry+https://github.com/rust-lang/crates.io-index)",
 "dwmapi-sys 0.1.0 (registry+https://github.com/rust-lang/crates.io-index)",
 "kernel32-sys 0.2.2 (registry+https://github.com/rust-lang/crates.io-index)",
 "lazy_static 0.2.9 (registry+https://github.com/rust-lang/crates.io-index)",
 "libc 0.2.33 (registry+https://github.com/rust-lang/crates.io-index)",
 "objc 0.2.2 (registry+https://github.com/rust-lang/crates.io-index)",
 "shell32-sys 0.1.1 (registry+https://github.com/rust-lang/crates.io-index)",
 "tempfile 2.2.0 (registry+https://github.com/rust-lang/crates.io-index)",
 "user32-sys 0.1.2 (registry+https://github.com/rust-lang/crates.io-index)",
 "wayland-client 0.9.10 (registry+https://github.com/rust-lang/crates.io-index)",
 "wayland-kbd 0.9.1 (registry+https://github.com/rust-lang/crates.io-index)",
 "wayland-protocols 0.9.10 (registry+https://github.com/rust-lang/crates.io-index)",
 "wayland-window 0.8.0 (registry+https://github.com/rust-lang/crates.io-index)",
 "winapi 0.2.8 (registry+https://github.com/rust-lang/crates.io-index)",
 "x11-dl 2.16.0 (registry+https://github.com/rust-lang/crates.io-index)",
]

[[package]]
name = "x11-dl"
version = "2.16.0"
source = "registry+https://github.com/rust-lang/crates.io-index"
dependencies = [
 "lazy_static 0.2.9 (registry+https://github.com/rust-lang/crates.io-index)",
 "libc 0.2.33 (registry+https://github.com/rust-lang/crates.io-index)",
 "pkg-config 0.3.9 (registry+https://github.com/rust-lang/crates.io-index)",
]

[[package]]
name = "xml-rs"
version = "0.6.1"
source = "registry+https://github.com/rust-lang/crates.io-index"
dependencies = [
 "bitflags 0.9.1 (registry+https://github.com/rust-lang/crates.io-index)",
]

[[package]]
name = "xml-rs"
version = "0.7.0"
source = "registry+https://github.com/rust-lang/crates.io-index"
dependencies = [
 "bitflags 1.0.0 (registry+https://github.com/rust-lang/crates.io-index)",
]

[metadata]
"checksum android_glue 0.2.3 (registry+https://github.com/rust-lang/crates.io-index)" = "000444226fcff248f2bc4c7625be32c63caccfecc2723a2b9f78a7487a49c407"
"checksum ansi_term 0.9.0 (registry+https://github.com/rust-lang/crates.io-index)" = "23ac7c30002a5accbf7e8987d0632fa6de155b7c3d39d0067317a391e00a2ef6"
"checksum arrayvec 0.3.23 (registry+https://github.com/rust-lang/crates.io-index)" = "699e63a93b79d717e8c3b5eb1b28b7780d0d6d9e59a72eb769291c83b0c8dc67"
"checksum atty 0.2.3 (registry+https://github.com/rust-lang/crates.io-index)" = "21e50800ec991574876040fff8ee46b136a53e985286fbe6a3bdfe6421b78860"
"checksum bitflags 0.7.0 (registry+https://github.com/rust-lang/crates.io-index)" = "aad18937a628ec6abcd26d1489012cc0e18c21798210f491af69ded9b881106d"
"checksum bitflags 0.8.2 (registry+https://github.com/rust-lang/crates.io-index)" = "1370e9fc2a6ae53aea8b7a5110edbd08836ed87c88736dfabccade1c2b44bff4"
"checksum bitflags 0.9.1 (registry+https://github.com/rust-lang/crates.io-index)" = "4efd02e230a02e18f92fc2735f44597385ed02ad8f831e7c1c1156ee5e1ab3a5"
"checksum bitflags 1.0.0 (registry+https://github.com/rust-lang/crates.io-index)" = "f5cde24d1b2e2216a726368b2363a273739c91f4e3eb4e0dd12d672d396ad989"
"checksum block 0.1.6 (registry+https://github.com/rust-lang/crates.io-index)" = "0d8c1fef690941d3e7788d328517591fecc684c084084702d6ff1641e993699a"
"checksum byteorder 1.1.0 (registry+https://github.com/rust-lang/crates.io-index)" = "ff81738b726f5d099632ceaffe7fb65b90212e8dce59d518729e7e8634032d3d"
"checksum cgl 0.2.1 (registry+https://github.com/rust-lang/crates.io-index)" = "86765cb42c2a2c497e142af72517c1b4d7ae5bb2f25dfa77a5c69642f2342d89"
"checksum clap 2.27.1 (registry+https://github.com/rust-lang/crates.io-index)" = "1b8c532887f1a292d17de05ae858a8fe50a301e196f9ef0ddb7ccd0d1d00f180"
"checksum cocoa 0.9.2 (registry+https://github.com/rust-lang/crates.io-index)" = "4047fed6536f40cc2ae5e7834fb38e382c788270191c4cd69196f89686d076ce"
"checksum core-foundation 0.3.0 (registry+https://github.com/rust-lang/crates.io-index)" = "f51ce3b8ebe311c56de14231eb57572c15abebd2d32b3bcb99bcdb9c101f5ac3"
"checksum core-foundation 0.4.4 (registry+https://github.com/rust-lang/crates.io-index)" = "5909502e547762013619f4c4e01cc7393c20fe2d52d7fa471c1210adb2320dc7"
"checksum core-foundation-sys 0.3.1 (registry+https://github.com/rust-lang/crates.io-index)" = "41115a6aa5d3e1e5ef98148373f25971d1fad53818553f216495f9e67e90a624"
"checksum core-foundation-sys 0.4.4 (registry+https://github.com/rust-lang/crates.io-index)" = "bc9fb3d6cb663e6fd7cf1c63f9b144ee2b1e4a78595a0451dd34bff85b9a3387"
"checksum core-graphics 0.8.2 (registry+https://github.com/rust-lang/crates.io-index)" = "9797d894882bbf37c0c1218a8d90333fae3c6b09d526534fd370aac2bc6efc21"
"checksum derivative 1.0.0 (registry+https://github.com/rust-lang/crates.io-index)" = "67b3d6d0e84e53a5bdc263cc59340541877bb541706a191d762bfac6a481bdde"
"checksum dlib 0.3.1 (registry+https://github.com/rust-lang/crates.io-index)" = "148bce4ce1c36c4509f29cb54e62c2bd265551a9b00b38070fad551a851866ec"
"checksum draw_state 0.7.1 (registry+https://github.com/rust-lang/crates.io-index)" = "337aeb4ca88f60f29e2e01ff252ac4eb40b9a86c65f699bdf4c7e3944390cea9"
"checksum dtoa 0.4.2 (registry+https://github.com/rust-lang/crates.io-index)" = "09c3753c3db574d215cba4ea76018483895d7bff25a31b49ba45db21c48e50ab"
"checksum dwmapi-sys 0.1.0 (registry+https://github.com/rust-lang/crates.io-index)" = "07c4c7cc7b396419bc0a4d90371d0cee16cb5053b53647d287c0b728000c41fe"
"checksum either 1.3.0 (registry+https://github.com/rust-lang/crates.io-index)" = "e311a7479512fbdf858fb54d91ec59f3b9f85bc0113659f46bba12b199d273ce"
"checksum euclid 0.15.4 (registry+https://github.com/rust-lang/crates.io-index)" = "e2fe9b4a316b4a828569bb42d7530f1f6b5fbda351067c5bcab229e2f7a38f07"
"checksum float-cmp 0.2.5 (registry+https://github.com/rust-lang/crates.io-index)" = "08117a43ef6d98f44f38cadd33b996d2322bf460422fceccb4fa03930ca231f0"
"checksum fs2 0.2.5 (registry+https://github.com/rust-lang/crates.io-index)" = "bcd414e5a1a979b931bb92f41b7a54106d3f6d2e6c253e9ce943b7cd468251ef"
"checksum fuchsia-zircon 0.2.1 (registry+https://github.com/rust-lang/crates.io-index)" = "f6c0581a4e363262e52b87f59ee2afe3415361c6ec35e665924eb08afe8ff159"
"checksum fuchsia-zircon-sys 0.2.0 (registry+https://github.com/rust-lang/crates.io-index)" = "43f3795b4bae048dc6123a6b972cadde2e676f9ded08aef6bb77f5f157684a82"
"checksum gdi32-sys 0.1.1 (registry+https://github.com/rust-lang/crates.io-index)" = "65256ec4dc2592e6f05bfc1ca3b956a4e0698aa90b1dff1f5687d55a5a3fd59a"
"checksum gfx 0.16.1 (registry+https://github.com/rust-lang/crates.io-index)" = "f2c432638dbd90e7e037fd874b05185adb042fd7efa956e93dc5cbf4dde1bd11"
"checksum gfx_core 0.7.2 (registry+https://github.com/rust-lang/crates.io-index)" = "ceb99b721c3b5c30585d5bb33283c21bcd7c8feb29f0791b7372c3b006822c9b"
"checksum gfx_device_gl 0.14.4 (registry+https://github.com/rust-lang/crates.io-index)" = "f49f0eb02f923897a5f324d31e3a4d850cb12ba446a46f88eb0a1bc4749c059c"
"checksum gfx_gl 0.3.1 (registry+https://github.com/rust-lang/crates.io-index)" = "f25c3866329ab91b92bfbc4d5e1d8172607e804564d90b8fbecb96cbc366845d"
"checksum gfx_window_glutin 0.18.0 (registry+https://github.com/rust-lang/crates.io-index)" = "23068da65ba4cd3f7c52a68e59ba20be0f0626aa28a6fd992f0b917704c396f6"
"checksum gl_generator 0.5.5 (registry+https://github.com/rust-lang/crates.io-index)" = "e7acbf2ba3d52e9e1ad96a84362129e9c1aa0af55ebfc86a91004e1b83eca61c"
"checksum gleam 0.4.10 (registry+https://github.com/rust-lang/crates.io-index)" = "d808f1f9f6a460139aae0f8809d38583fa1dac905255c9fe2c75893c579f5f6f"
"checksum glutin 0.10.0 (registry+https://github.com/rust-lang/crates.io-index)" = "b90e38d57530c3463494dcf789483d5fb2acaeaa146c001c8c52bf23d44987c1"
"checksum heapsize 0.4.1 (registry+https://github.com/rust-lang/crates.io-index)" = "54fab2624374e5137ae4df13bf32b0b269cb804df42d13a51221bbd431d1a237"
"checksum itertools 0.5.10 (registry+https://github.com/rust-lang/crates.io-index)" = "4833d6978da405305126af4ac88569b5d71ff758581ce5a987dbfa3755f694fc"
"checksum itoa 0.3.4 (registry+https://github.com/rust-lang/crates.io-index)" = "8324a32baf01e2ae060e9de58ed0bc2320c9a2833491ee36cd3b4c414de4db8c"
"checksum kernel32-sys 0.2.2 (registry+https://github.com/rust-lang/crates.io-index)" = "7507624b29483431c0ba2d82aece8ca6cdba9382bff4ddd0f7490560c056098d"
"checksum khronos_api 1.0.1 (registry+https://github.com/rust-lang/crates.io-index)" = "d5a08e2a31d665af8f1ca437eab6d00a93c9d62a549f73f9ed8fc2e55b5a91a7"
"checksum lazy_static 0.2.9 (registry+https://github.com/rust-lang/crates.io-index)" = "c9e5e58fa1a4c3b915a561a78a22ee0cac6ab97dca2504428bc1cb074375f8d5"
"checksum libc 0.2.33 (registry+https://github.com/rust-lang/crates.io-index)" = "5ba3df4dcb460b9dfbd070d41c94c19209620c191b0340b929ce748a2bcd42d2"
"checksum libloading 0.3.4 (registry+https://github.com/rust-lang/crates.io-index)" = "0a020ac941774eb37e9d13d418c37b522e76899bfc4e7b1a600d529a53f83a66"
"checksum log 0.3.8 (registry+https://github.com/rust-lang/crates.io-index)" = "880f77541efa6e5cc74e76910c9884d9859683118839d6a1dc3b11e63512565b"
"checksum lyon 0.8.4 (registry+https://github.com/rust-lang/crates.io-index)" = "01cf0aa928c105bf8dae0dd1aceb29436cdfb945ef5b3ac40e9e8fc79b436f68"
"checksum lyon_bezier 0.8.4 (registry+https://github.com/rust-lang/crates.io-index)" = "4b4db23091eed865f4ac3ee42554cf4fd7e6f9fb05cb42b5119cd7b6f8206b95"
"checksum lyon_core 0.8.0 (registry+https://github.com/rust-lang/crates.io-index)" = "6feff097e9582904f170c17d074054c9a88bd65a1c8b0f9a14e80faffee9e9e4"
"checksum lyon_extra 0.8.1 (registry+https://github.com/rust-lang/crates.io-index)" = "4dde55b63548e3af092eacad9e55f72d36178b95abdc5622d50d0fb04a11acc1"
"checksum lyon_path 0.8.0 (registry+https://github.com/rust-lang/crates.io-index)" = "e613e130bc5d0cb0f43fcad3f6600179af67e6f1d3adc75922c0bc6fdb346986"
"checksum lyon_path_builder 0.8.0 (registry+https://github.com/rust-lang/crates.io-index)" = "1206a754015af7cc22a0727aae3ba7ee5564b3729f80c7feab5ee3957f1eafda"
"checksum lyon_path_iterator 0.8.0 (registry+https://github.com/rust-lang/crates.io-index)" = "8588ece2ba160d17329c076def8f988949a735bfda73e8d5ca03cec1db281898"
"checksum lyon_svg 0.8.0 (registry+https://github.com/rust-lang/crates.io-index)" = "133859940c7aa01fe2d9da1f8892b8af71e80baf2c9e0ce5b4af1333c635c2e1"
"checksum lyon_tessellation 0.8.4 (registry+https://github.com/rust-lang/crates.io-index)" = "d4c0b75c30e8c83a8e2e0d047acd178b9137da5187b69b1a1e2b09a059167299"
"checksum malloc_buf 0.0.6 (registry+https://github.com/rust-lang/crates.io-index)" = "62bb907fe88d54d8d9ce32a3cceab4218ed2f6b7d35617cafe9adf84e43919cb"
"checksum memmap 0.4.0 (registry+https://github.com/rust-lang/crates.io-index)" = "69253224aa10070855ea8fe9dbe94a03fc2b1d7930bb340c9e586a7513716fea"
"checksum nodrop 0.1.12 (registry+https://github.com/rust-lang/crates.io-index)" = "9a2228dca57108069a5262f2ed8bd2e82496d2e074a06d1ccc7ce1687b6ae0a2"
"checksum num 0.1.40 (registry+https://github.com/rust-lang/crates.io-index)" = "a311b77ebdc5dd4cf6449d81e4135d9f0e3b153839ac90e648a8ef538f923525"
"checksum num-integer 0.1.35 (registry+https://github.com/rust-lang/crates.io-index)" = "d1452e8b06e448a07f0e6ebb0bb1d92b8890eea63288c0b627331d53514d0fba"
"checksum num-iter 0.1.34 (registry+https://github.com/rust-lang/crates.io-index)" = "7485fcc84f85b4ecd0ea527b14189281cf27d60e583ae65ebc9c088b13dffe01"
"checksum num-traits 0.1.40 (registry+https://github.com/rust-lang/crates.io-index)" = "99843c856d68d8b4313b03a17e33c4bb42ae8f6610ea81b28abe076ac721b9b0"
"checksum objc 0.2.2 (registry+https://github.com/rust-lang/crates.io-index)" = "877f30f37acef6749b1841cceab289707f211aecfc756553cd63976190e6cc2e"
"checksum odds 0.2.25 (registry+https://github.com/rust-lang/crates.io-index)" = "c3df9b730298cea3a1c3faa90b7e2f9df3a9c400d0936d6015e6165734eefcba"
"checksum osmesa-sys 0.1.2 (registry+https://github.com/rust-lang/crates.io-index)" = "88cfece6e95d2e717e0872a7f53a8684712ad13822a7979bc760b9c77ec0013b"
"checksum phf 0.7.21 (registry+https://github.com/rust-lang/crates.io-index)" = "cb325642290f28ee14d8c6201159949a872f220c62af6e110a56ea914fbe42fc"
"checksum phf_codegen 0.7.21 (registry+https://github.com/rust-lang/crates.io-index)" = "d62594c0bb54c464f633175d502038177e90309daf2e0158be42ed5f023ce88f"
"checksum phf_generator 0.7.21 (registry+https://github.com/rust-lang/crates.io-index)" = "6b07ffcc532ccc85e3afc45865469bf5d9e4ef5bfcf9622e3cfe80c2d275ec03"
"checksum phf_shared 0.7.21 (registry+https://github.com/rust-lang/crates.io-index)" = "07e24b0ca9643bdecd0632f2b3da6b1b89bbb0030e0b992afc1113b23a7bc2f2"
"checksum pkg-config 0.3.9 (registry+https://github.com/rust-lang/crates.io-index)" = "3a8b4c6b8165cd1a1cd4b9b120978131389f64bdaf456435caa41e630edba903"
"checksum quote 0.3.15 (registry+https://github.com/rust-lang/crates.io-index)" = "7a6e920b65c65f10b2ae65c831a81a073a89edd28c7cce89475bff467ab4167a"
"checksum rand 0.3.17 (registry+https://github.com/rust-lang/crates.io-index)" = "61efcbcd9fa8d8fbb07c84e34a8af18a1ff177b449689ad38a6e9457ecc7b2ae"
"checksum redox_syscall 0.1.31 (registry+https://github.com/rust-lang/crates.io-index)" = "8dde11f18c108289bef24469638a04dce49da56084f2d50618b226e47eb04509"
"checksum redox_termios 0.1.1 (registry+https://github.com/rust-lang/crates.io-index)" = "7e891cfe48e9100a70a3b6eb652fef28920c117d366339687bd5576160db0f76"
"checksum serde 0.9.15 (registry+https://github.com/rust-lang/crates.io-index)" = "34b623917345a631dc9608d5194cc206b3fe6c3554cd1c75b937e55e285254af"
"checksum serde 1.0.16 (registry+https://github.com/rust-lang/crates.io-index)" = "e11a631f964d4e6572712ea12075fb1d65eeef42b0058884195b430ac1e26809"
"checksum serde_json 0.9.10 (registry+https://github.com/rust-lang/crates.io-index)" = "ad8bcf487be7d2e15d3d543f04312de991d631cfe1b43ea0ade69e6a8a5b16a1"
"checksum shared_library 0.1.7 (registry+https://github.com/rust-lang/crates.io-index)" = "7822f9d0814224552cfd7e4ac72cd511740ccec0b811d1c0f9fa2a84c6509cee"
"checksum shell32-sys 0.1.1 (registry+https://github.com/rust-lang/crates.io-index)" = "72f20b8f3c060374edb8046591ba28f62448c369ccbdc7b02075103fb3a9e38d"
"checksum sid 0.5.0 (registry+https://github.com/rust-lang/crates.io-index)" = "bf1345fb57b3bee666f25d45f85ba3a97f11b8cede5abe0d1212ba0324082faf"
"checksum simplecss 0.1.0 (registry+https://github.com/rust-lang/crates.io-index)" = "135685097a85a64067df36e28a243e94a94f76d829087ce0be34eeb014260c0e"
"checksum siphasher 0.2.2 (registry+https://github.com/rust-lang/crates.io-index)" = "0df90a788073e8d0235a67e50441d47db7c8ad9debd91cbf43736a2a92d36537"
"checksum strsim 0.6.0 (registry+https://github.com/rust-lang/crates.io-index)" = "b4d15c810519a91cf877e7e36e63fe068815c678181439f2f29e2562147c3694"
"checksum svgdom 0.8.1 (registry+https://github.com/rust-lang/crates.io-index)" = "1d04b34bc9d23b08805f734d6b6b31944e1606a132a32345ab46161e7c345619"
"checksum svgparser 0.4.3 (registry+https://github.com/rust-lang/crates.io-index)" = "9196afd1c4cb1c1118cdc2bc519fd3484e2c665e43a0fdb548d496181f409dd2"
"checksum svgparser 0.5.0 (registry+https://github.com/rust-lang/crates.io-index)" = "c09c27b31ad2fd9344ad646620e58436cf4b6c856dc3452b566ae23ed893a8d6"
"checksum syn 0.10.8 (registry+https://github.com/rust-lang/crates.io-index)" = "58fd09df59565db3399efbba34ba8a2fec1307511ebd245d0061ff9d42691673"
"checksum target_build_utils 0.3.1 (registry+https://github.com/rust-lang/crates.io-index)" = "013d134ae4a25ee744ad6129db589018558f620ddfa44043887cdd45fa08e75c"
"checksum tempfile 2.2.0 (registry+https://github.com/rust-lang/crates.io-index)" = "11ce2fe9db64b842314052e2421ac61a73ce41b898dc8e3750398b219c5fc1e0"
"checksum termion 1.5.1 (registry+https://github.com/rust-lang/crates.io-index)" = "689a3bdfaab439fd92bc87df5c4c78417d3cbe537487274e9b0b2dce76e92096"
"checksum textwrap 0.9.0 (registry+https://github.com/rust-lang/crates.io-index)" = "c0b59b6b4b44d867f1370ef1bd91bfb262bf07bf0ae65c202ea2fbc16153b693"
"checksum unicode-width 0.1.4 (registry+https://github.com/rust-lang/crates.io-index)" = "bf3a113775714a22dcb774d8ea3655c53a32debae63a063acc00a91cc586245f"
"checksum unicode-xid 0.0.4 (registry+https://github.com/rust-lang/crates.io-index)" = "8c1f860d7d29cf02cb2f3f359fd35991af3d30bac52c57d265a3c461074cb4dc"
"checksum user32-sys 0.1.2 (registry+https://github.com/rust-lang/crates.io-index)" = "6717129de5ac253f5642fc78a51d0c7de6f9f53d617fc94e9bae7f6e71cf5504"
"checksum vec_map 0.8.0 (registry+https://github.com/rust-lang/crates.io-index)" = "887b5b631c2ad01628bbbaa7dd4c869f80d3186688f8d0b6f58774fbe324988c"
"checksum wayland-client 0.9.10 (registry+https://github.com/rust-lang/crates.io-index)" = "9b10f2880f3dedaa496609a0aa7117bc6824490a48309dfbbf26258e5acc5a9d"
"checksum wayland-kbd 0.9.1 (registry+https://github.com/rust-lang/crates.io-index)" = "75485a10a894e48f4d21c15c8673ac84a073aef402e15060715fb3501416e58e"
"checksum wayland-protocols 0.9.10 (registry+https://github.com/rust-lang/crates.io-index)" = "008c5b9bffb6afdfcf8df0b72fd37b2508476867305ed6d47610f5431a534ac6"
"checksum wayland-scanner 0.9.10 (registry+https://github.com/rust-lang/crates.io-index)" = "6820262132b76ee4aa7893312fb9a24ce5434934a2b421669a30869fcd4a2769"
"checksum wayland-sys 0.9.10 (registry+https://github.com/rust-lang/crates.io-index)" = "b433ca9dbd9289a8ae8a5c49148d2a0e724b89432d7648727ca553027c247c47"
"checksum wayland-window 0.8.0 (registry+https://github.com/rust-lang/crates.io-index)" = "7c03dae6f8f8be09335444fc253620298bb05f5b8fbc6237798bbbc90ea841c4"
"checksum winapi 0.2.8 (registry+https://github.com/rust-lang/crates.io-index)" = "167dc9d6949a9b857f3451275e911c3f44255842c1f7a76f33c55103a909087a"
"checksum winapi-build 0.1.1 (registry+https://github.com/rust-lang/crates.io-index)" = "2d315eee3b34aca4797b2da6b13ed88266e6d612562a0c46390af8299fc699bc"
"checksum winit 0.8.3 (registry+https://github.com/rust-lang/crates.io-index)" = "74bcacc675f952f71c2ebc9750dfd90d605de2cbe2e8ea3b38a370498238a507"
"checksum x11-dl 2.16.0 (registry+https://github.com/rust-lang/crates.io-index)" = "dd409cc4061fe552ee165c7844cc88596f68d52605c64710b57d8231c700820b"
"checksum xml-rs 0.6.1 (registry+https://github.com/rust-lang/crates.io-index)" = "e1945e12e16b951721d7976520b0832496ef79c31602c7a29d950de79ba74621"
"checksum xml-rs 0.7.0 (registry+https://github.com/rust-lang/crates.io-index)" = "3c1cb601d29fe2c2ac60a2b2e5e293994d87a1f6fa9687a31a15270f909be9c2"
